schema: '2.0'
stages:
  data_ingestion:
    cmd: python -m src.data.data_ingestion
    deps:
    - path: src/data/data_ingestion.py
      hash: md5
      md5: a410fb487b3ff3e70ea6c06c06948f3e
      size: 3306
    params:
      params.yaml:
        data_ingestion.test_size: 0.25
    outs:
    - path: data/raw
      hash: md5
      md5: 653ee72ed1467522e9cdc4960b04192f.dir
      size: 648741
      nfiles: 2
  data_preprocessing:
    cmd: python -m src.data.data_preprocessing
    deps:
    - path: data/raw
      hash: md5
      md5: 653ee72ed1467522e9cdc4960b04192f.dir
      size: 648741
      nfiles: 2
    - path: src/data/data_preprocessing.py
      hash: md5
      md5: c86fdf71eb55cab5c4fbf6882d18091b
      size: 2826
    outs:
    - path: data/interim
      hash: md5
      md5: 7a494ebb5a023749da057597ad3100e7.dir
      size: 400767
      nfiles: 2
  feature_engineering:
    cmd: python -m src.features.feature_engineering
    deps:
    - path: data/interim
      hash: md5
      md5: 7a494ebb5a023749da057597ad3100e7.dir
      size: 400767
      nfiles: 2
    - path: src/features/feature_engineering.py
      hash: md5
      md5: 260aa412f3485e090682af1f35139788
      size: 3352
    params:
      params.yaml:
        feature_engineering.max_features: 50
    outs:
    - path: data/processed
      hash: md5
      md5: 4fdf66b10cf908b641d0592d7597d2f7.dir
      size: 51381
      nfiles: 2
    - path: models/vectorizer.pkl
      hash: md5
      md5: ac2783fb752321ed38a711795348a1a8
      size: 1865
  model_building:
    cmd: python -m src.model.model_building
    deps:
    - path: data/processed
      hash: md5
      md5: 4fdf66b10cf908b641d0592d7597d2f7.dir
      size: 51381
      nfiles: 2
    - path: src/model/model_building.py
      hash: md5
      md5: a41d470ad5e2503dd6b59f056f78b533
      size: 1802
    outs:
    - path: models/model.pkl
      hash: md5
      md5: aa1514b381cfe7fd924bf13477b933a1
      size: 1115
  model_evaluation:
    cmd: python -m src.model.model_evaluation
    deps:
    - path: models/model.pkl
      hash: md5
      md5: aa1514b381cfe7fd924bf13477b933a1
      size: 1115
    - path: src/model/model_evaluation.py
      hash: md5
      md5: bf5d7802cf08849f1510424dc935721e
      size: 2865
    outs:
    - path: reports/experiment_info.json
      hash: md5
      md5: 0537e5e1797caaf4001022f00e946327
      size: 115
    - path: reports/metrics.json
      hash: md5
      md5: 9691276d385aec88d8479ce41af085c8
      size: 127
  model_registration:
    cmd: python -m src.model.register_model
    deps:
    - path: reports/experiment_info.json
      hash: md5
      md5: 0537e5e1797caaf4001022f00e946327
      size: 115
    - path: src/model/register_model.py
      hash: md5
      md5: 3fa07e3668fa3bc2b63dcd03fa48e85d
      size: 2167
